// !$*UTF8*$!
{
	archiveVersion = 1;
	classes = {
	};
	objectVersion = 56;
	objects = {

/* Begin PBXBuildFile section */
		76AB73282C3C17D200B29114 /* AppDelegate.swift in Sources */ = {isa = PBXBuildFile; fileRef = 76AB73272C3C17D200B29114 /* AppDelegate.swift */; };
		76AB732A2C3C17D200B29114 /* SceneDelegate.swift in Sources */ = {isa = PBXBuildFile; fileRef = 76AB73292C3C17D200B29114 /* SceneDelegate.swift */; };
		76AB732C2C3C17D200B29114 /* ViewController.swift in Sources */ = {isa = PBXBuildFile; fileRef = 76AB732B2C3C17D200B29114 /* ViewController.swift */; };
		76AB732F2C3C17D200B29114 /* Base in Resources */ = {isa = PBXBuildFile; fileRef = 76AB732E2C3C17D200B29114 /* Base */; };
		76AB73312C3C17D300B29114 /* Assets.xcassets in Resources */ = {isa = PBXBuildFile; fileRef = 76AB73302C3C17D300B29114 /* Assets.xcassets */; };
		76AB73342C3C17D300B29114 /* Base in Resources */ = {isa = PBXBuildFile; fileRef = 76AB73332C3C17D300B29114 /* Base */; };
		76AB733F2C3C17D300B29114 /* harfNotuTests.swift in Sources */ = {isa = PBXBuildFile; fileRef = 76AB733E2C3C17D300B29114 /* harfNotuTests.swift */; };
		76AB73492C3C17D300B29114 /* harfNotuUITests.swift in Sources */ = {isa = PBXBuildFile; fileRef = 76AB73482C3C17D300B29114 /* harfNotuUITests.swift */; };
		76AB734B2C3C17D300B29114 /* harfNotuUITestsLaunchTests.swift in Sources */ = {isa = PBXBuildFile; fileRef = 76AB734A2C3C17D300B29114 /* harfNotuUITestsLaunchTests.swift */; };
/* End PBXBuildFile section */

/* Begin PBXContainerItemProxy section */
		76AB733B2C3C17D300B29114 /* PBXContainerItemProxy */ = {
			isa = PBXContainerItemProxy;
			containerPortal = 76AB731C2C3C17D200B29114 /* Project object */;
			proxyType = 1;
			remoteGlobalIDString = 76AB73232C3C17D200B29114;
			remoteInfo = harfNotu;
		};
		76AB73452C3C17D300B29114 /* PBXContainerItemProxy */ = {
			isa = PBXContainerItemProxy;
			containerPortal = 76AB731C2C3C17D200B29114 /* Project object */;
			proxyType = 1;
			remoteGlobalIDString = 76AB73232C3C17D200B29114;
			remoteInfo = harfNotu;
		};
/* End PBXContainerItemProxy section */

/* Begin PBXFileReference section */
		76AB73242C3C17D200B29114 /* harfNotu.app */ = {isa = PBXFileReference; explicitFileType = wrapper.application; includeInIndex = 0; path = harfNotu.app; sourceTree = BUILT_PRODUCTS_DIR; };
		76AB73272C3C17D200B29114 /* AppDelegate.swift */ = {isa = PBXFileReference; lastKnownFileType = sourcecode.swift; path = AppDelegate.swift; sourceTree = "<group>"; };
		76AB73292C3C17D200B29114 /* SceneDelegate.swift */ = {isa = PBXFileReference; lastKnownFileType = sourcecode.swift; path = SceneDelegate.swift; sourceTree = "<group>"; };
		76AB732B2C3C17D200B29114 /* ViewController.swift */ = {isa = PBXFileReference; lastKnownFileType = sourcecode.swift; path = ViewController.swift; sourceTree = "<group>"; };
		76AB732E2C3C17D200B29114 /* Base */ = {isa = PBXFileReference; lastKnownFileType = file.storyboard; name = Base; path = Base.lproj/Main.storyboard; sourceTree = "<group>"; };
		76AB73302C3C17D300B29114 /* Assets.xcassets */ = {isa = PBXFileReference; lastKnownFileType = folder.assetcatalog; path = Assets.xcassets; sourceTree = "<group>"; };
		76AB73332C3C17D300B29114 /* Base */ = {isa = PBXFileReference; lastKnownFileType = file.storyboard; name = Base; path = Base.lproj/LaunchScreen.storyboard; sourceTree = "<group>"; };
		76AB73352C3C17D300B29114 /* Info.plist */ = {isa = PBXFileReference; lastKnownFileType = text.plist.xml; path = Info.plist; sourceTree = "<group>"; };
		76AB733A2C3C17D300B29114 /* harfNotuTests.xctest */ = {isa = PBXFileReference; explicitFileType = wrapper.cfbundle; includeInIndex = 0; path = harfNotuTests.xctest; sourceTree = BUILT_PRODUCTS_DIR; };
		76AB733E2C3C17D300B29114 /* harfNotuTests.swift */ = {isa = PBXFileReference; lastKnownFileType = sourcecode.swift; path = harfNotuTests.swift; sourceTree = "<group>"; };
		76AB73442C3C17D300B29114 /* harfNotuUITests.xctest */ = {isa = PBXFileReference; explicitFileType = wrapper.cfbundle; includeInIndex = 0; path = harfNotuUITests.xctest; sourceTree = BUILT_PRODUCTS_DIR; };
		76AB73482C3C17D300B29114 /* harfNotuUITests.swift */ = {isa = PBXFileReference; lastKnownFileType = sourcecode.swift; path = harfNotuUITests.swift; sourceTree = "<group>"; };
		76AB734A2C3C17D300B29114 /* harfNotuUITestsLaunchTests.swift */ = {isa = PBXFileReference; lastKnownFileType = sourcecode.swift; path = harfNotuUITestsLaunchTests.swift; sourceTree = "<group>"; };
/* End PBXFileReference section */

/* Begin PBXFrameworksBuildPhase section */
		76AB73212C3C17D200B29114 /* Frameworks */ = {
			isa = PBXFrameworksBuildPhase;
			buildActionMask = 2147483647;
			files = (
			);
			runOnlyForDeploymentPostprocessing = 0;
		};
		76AB73372C3C17D300B29114 /* Frameworks */ = {
			isa = PBXFrameworksBuildPhase;
			buildActionMask = 2147483647;
			files = (
			);
			runOnlyForDeploymentPostprocessing = 0;
		};
		76AB73412C3C17D300B29114 /* Frameworks */ = {
			isa = PBXFrameworksBuildPhase;
			buildActionMask = 2147483647;
			files = (
			);
			runOnlyForDeploymentPostprocessing = 0;
		};
/* End PBXFrameworksBuildPhase section */

/* Begin PBXGroup section */
		76AB731B2C3C17D200B29114 = {
			isa = PBXGroup;
			children = (
				76AB73262C3C17D200B29114 /* harfNotu */,
				76AB733D2C3C17D300B29114 /* harfNotuTests */,
				76AB73472C3C17D300B29114 /* harfNotuUITests */,
				76AB73252C3C17D200B29114 /* Products */,
			);
			sourceTree = "<group>";
		};
		76AB73252C3C17D200B29114 /* Products */ = {
			isa = PBXGroup;
			children = (
				76AB73242C3C17D200B29114 /* harfNotu.app */,
				76AB733A2C3C17D300B29114 /* harfNotuTests.xctest */,
				76AB73442C3C17D300B29114 /* harfNotuUITests.xctest */,
			);
			name = Products;
			sourceTree = "<group>";
		};
		76AB73262C3C17D200B29114 /* harfNotu */ = {
			isa = PBXGroup;
			children = (
				76AB73272C3C17D200B29114 /* AppDelegate.swift */,
				76AB73292C3C17D200B29114 /* SceneDelegate.swift */,
				76AB732B2C3C17D200B29114 /* ViewController.swift */,
				76AB732D2C3C17D200B29114 /* Main.storyboard */,
				76AB73302C3C17D300B29114 /* Assets.xcassets */,
				76AB73322C3C17D300B29114 /* LaunchScreen.storyboard */,
				76AB73352C3C17D300B29114 /* Info.plist */,
			);
			path = harfNotu;
			sourceTree = "<group>";
		};
		76AB733D2C3C17D300B29114 /* harfNotuTests */ = {
			isa = PBXGroup;
			children = (
				76AB733E2C3C17D300B29114 /* harfNotuTests.swift */,
			);
			path = harfNotuTests;
			sourceTree = "<group>";
		};
		76AB73472C3C17D300B29114 /* harfNotuUITests */ = {
			isa = PBXGroup;
			children = (
				76AB73482C3C17D300B29114 /* harfNotuUITests.swift */,
				76AB734A2C3C17D300B29114 /* harfNotuUITestsLaunchTests.swift */,
			);
			path = harfNotuUITests;
			sourceTree = "<group>";
		};
/* End PBXGroup section */

/* Begin PBXNativeTarget section */
		76AB73232C3C17D200B29114 /* harfNotu */ = {
			isa = PBXNativeTarget;
			buildConfigurationList = 76AB734E2C3C17D300B29114 /* Build configuration list for PBXNativeTarget "harfNotu" */;
			buildPhases = (
				76AB73202C3C17D200B29114 /* Sources */,
				76AB73212C3C17D200B29114 /* Frameworks */,
				76AB73222C3C17D200B29114 /* Resources */,
			);
			buildRules = (
			);
			dependencies = (
			);
			name = harfNotu;
			productName = harfNotu;
			productReference = 76AB73242C3C17D200B29114 /* harfNotu.app */;
			productType = "com.apple.product-type.application";
		};
		76AB73392C3C17D300B29114 /* harfNotuTests */ = {
			isa = PBXNativeTarget;
			buildConfigurationList = 76AB73512C3C17D300B29114 /* Build configuration list for PBXNativeTarget "harfNotuTests" */;
			buildPhases = (
				76AB73362C3C17D300B29114 /* Sources */,
				76AB73372C3C17D300B29114 /* Frameworks */,
				76AB73382C3C17D300B29114 /* Resources */,
			);
			buildRules = (
			);
			dependencies = (
				76AB733C2C3C17D300B29114 /* PBXTargetDependency */,
			);
			name = harfNotuTests;
			productName = harfNotuTests;
			productReference = 76AB733A2C3C17D300B29114 /* harfNotuTests.xctest */;
			productType = "com.apple.product-type.bundle.unit-test";
		};
		76AB73432C3C17D300B29114 /* harfNotuUITests */ = {
			isa = PBXNativeTarget;
			buildConfigurationList = 76AB73542C3C17D300B29114 /* Build configuration list for PBXNativeTarget "harfNotuUITests" */;
			buildPhases = (
				76AB73402C3C17D300B29114 /* Sources */,
				76AB73412C3C17D300B29114 /* Frameworks */,
				76AB73422C3C17D300B29114 /* Resources */,
			);
			buildRules = (
			);
			dependencies = (
				76AB73462C3C17D300B29114 /* PBXTargetDependency */,
			);
			name = harfNotuUITests;
			productName = harfNotuUITests;
			productReference = 76AB73442C3C17D300B29114 /* harfNotuUITests.xctest */;
			productType = "com.apple.product-type.bundle.ui-testing";
		};
/* End PBXNativeTarget section */

/* Begin PBXProject section */
		76AB731C2C3C17D200B29114 /* Project object */ = {
			isa = PBXProject;
			attributes = {
				BuildIndependentTargetsInParallel = 1;
				LastSwiftUpdateCheck = 1540;
				LastUpgradeCheck = 1540;
				TargetAttributes = {
					76AB73232C3C17D200B29114 = {
						CreatedOnToolsVersion = 15.4;
					};
					76AB73392C3C17D300B29114 = {
						CreatedOnToolsVersion = 15.4;
						TestTargetID = 76AB73232C3C17D200B29114;
					};
					76AB73432C3C17D300B29114 = {
						CreatedOnToolsVersion = 15.4;
						TestTargetID = 76AB73232C3C17D200B29114;
					};
				};
			};
			buildConfigurationList = 76AB731F2C3C17D200B29114 /* Build configuration list for PBXProject "harfNotu" */;
			compatibilityVersion = "Xcode 14.0";
			developmentRegion = en;
			hasScannedForEncodings = 0;
			knownRegions = (
				en,
				Base,
			);
			mainGroup = 76AB731B2C3C17D200B29114;
			productRefGroup = 76AB73252C3C17D200B29114 /* Products */;
			projectDirPath = "";
			projectRoot = "";
			targets = (
				76AB73232C3C17D200B29114 /* harfNotu */,
				76AB73392C3C17D300B29114 /* harfNotuTests */,
				76AB73432C3C17D300B29114 /* harfNotuUITests */,
			);
		};
/* End PBXProject section */

/* Begin PBXResourcesBuildPhase section */
		76AB73222C3C17D200B29114 /* Resources */ = {
			isa = PBXResourcesBuildPhase;
			buildActionMask = 2147483647;
			files = (
				76AB73312C3C17D300B29114 /* Assets.xcassets in Resources */,
				76AB73342C3C17D300B29114 /* Base in Resources */,
				76AB732F2C3C17D200B29114 /* Base in Resources */,
			);
			runOnlyForDeploymentPostprocessing = 0;
		};
		76AB73382C3C17D300B29114 /* Resources */ = {
			isa = PBXResourcesBuildPhase;
			buildActionMask = 2147483647;
			files = (
			);
			runOnlyForDeploymentPostprocessing = 0;
		};
		76AB73422C3C17D300B29114 /* Resources */ = {
			isa = PBXResourcesBuildPhase;
			buildActionMask = 2147483647;
			files = (
			);
			runOnlyForDeploymentPostprocessing = 0;
		};
/* End PBXResourcesBuildPhase section */

/* Begin PBXSourcesBuildPhase section */
		76AB73202C3C17D200B29114 /* Sources */ = {
			isa = PBXSourcesBuildPhase;
			buildActionMask = 2147483647;
			files = (
				76AB732C2C3C17D200B29114 /* ViewController.swift in Sources */,
				76AB73282C3C17D200B29114 /* AppDelegate.swift in Sources */,
				76AB732A2C3C17D200B29114 /* SceneDelegate.swift in Sources */,
			);
			runOnlyForDeploymentPostprocessing = 0;
		};
		76AB73362C3C17D300B29114 /* Sources */ = {
			isa = PBXSourcesBuildPhase;
			buildActionMask = 2147483647;
			files = (
				76AB733F2C3C17D300B29114 /* harfNotuTests.swift in Sources */,
			);
			runOnlyForDeploymentPostprocessing = 0;
		};
		76AB73402C3C17D300B29114 /* Sources */ = {
			isa = PBXSourcesBuildPhase;
			buildActionMask = 2147483647;
			files = (
				76AB734B2C3C17D300B29114 /* harfNotuUITestsLaunchTests.swift in Sources */,
				76AB73492C3C17D300B29114 /* harfNotuUITests.swift in Sources */,
			);
			runOnlyForDeploymentPostprocessing = 0;
		};
/* End PBXSourcesBuildPhase section */

/* Begin PBXTargetDependency section */
		76AB733C2C3C17D300B29114 /* PBXTargetDependency */ = {
			isa = PBXTargetDependency;
			target = 76AB73232C3C17D200B29114 /* harfNotu */;
			targetProxy = 76AB733B2C3C17D300B29114 /* PBXContainerItemProxy */;
		};
		76AB73462C3C17D300B29114 /* PBXTargetDependency */ = {
			isa = PBXTargetDependency;
			target = 76AB73232C3C17D200B29114 /* harfNotu */;
			targetProxy = 76AB73452C3C17D300B29114 /* PBXContainerItemProxy */;
		};
/* End PBXTargetDependency section */

/* Begin PBXVariantGroup section */
		76AB732D2C3C17D200B29114 /* Main.storyboard */ = {
			isa = PBXVariantGroup;
			children = (
				76AB732E2C3C17D200B29114 /* Base */,
			);
			name = Main.storyboard;
			sourceTree = "<group>";
		};
		76AB73322C3C17D300B29114 /* LaunchScreen.storyboard */ = {
			isa = PBXVariantGroup;
			children = (
				76AB73332C3C17D300B29114 /* Base */,
			);
			name = LaunchScreen.storyboard;
			sourceTree = "<group>";
		};
/* End PBXVariantGroup section */

/* Begin XCBuildConfiguration section */
		76AB734C2C3C17D300B29114 /* Debug */ = {
			isa = XCBuildConfiguration;
			buildSettings = {
				ALWAYS_SEARCH_USER_PATHS = NO;
				ASSETCATALOG_COMPILER_GENERATE_SWIFT_ASSET_SYMBOL_EXTENSIONS = YES;
				CLANG_ANALYZER_NONNULL = YES;
				CLANG_ANALYZER_NUMBER_OBJECT_CONVERSION = YES_AGGRESSIVE;
				CLANG_CXX_LANGUAGE_STANDARD = "gnu++20";
				CLANG_ENABLE_MODULES = YES;
				CLANG_ENABLE_OBJC_ARC = YES;
				CLANG_ENABLE_OBJC_WEAK = YES;
				CLANG_WARN_BLOCK_CAPTURE_AUTORELEASING = YES;
				CLANG_WARN_BOOL_CONVERSION = YES;
				CLANG_WARN_COMMA = YES;
				CLANG_WARN_CONSTANT_CONVERSION = YES;
				CLANG_WARN_DEPRECATED_OBJC_IMPLEMENTATIONS = YES;
				CLANG_WARN_DIRECT_OBJC_ISA_USAGE = YES_ERROR;
				CLANG_WARN_DOCUMENTATION_COMMENTS = YES;
				CLANG_WARN_EMPTY_BODY = YES;
				CLANG_WARN_ENUM_CONVERSION = YES;
				CLANG_WARN_INFINITE_RECURSION = YES;
				CLANG_WARN_INT_CONVERSION = YES;
				CLANG_WARN_NON_LITERAL_NULL_CONVERSION = YES;
				CLANG_WARN_OBJC_IMPLICIT_RETAIN_SELF = YES;
				CLANG_WARN_OBJC_LITERAL_CONVERSION = YES;
				CLANG_WARN_OBJC_ROOT_CLASS = YES_ERROR;
				CLANG_WARN_QUOTED_INCLUDE_IN_FRAMEWORK_HEADER = YES;
				CLANG_WARN_RANGE_LOOP_ANALYSIS = YES;
				CLANG_WARN_STRICT_PROTOTYPES = YES;
				CLANG_WARN_SUSPICIOUS_MOVE = YES;
				CLANG_WARN_UNGUARDED_AVAILABILITY = YES_AGGRESSIVE;
				CLANG_WARN_UNREACHABLE_CODE = YES;
				CLANG_WARN__DUPLICATE_METHOD_MATCH = YES;
				COPY_PHASE_STRIP = NO;
				DEBUG_INFORMATION_FORMAT = dwarf;
				ENABLE_STRICT_OBJC_MSGSEND = YES;
				ENABLE_TESTABILITY = YES;
				ENABLE_USER_SCRIPT_SANDBOXING = YES;
				GCC_C_LANGUAGE_STANDARD = gnu17;
				GCC_DYNAMIC_NO_PIC = NO;
				GCC_NO_COMMON_BLOCKS = YES;
				GCC_OPTIMIZATION_LEVEL = 0;
				GCC_PREPROCESSOR_DEFINITIONS = (
					"DEBUG=1",
					"$(inherited)",
				);
				GCC_WARN_64_TO_32_BIT_CONVERSION = YES;
				GCC_WARN_ABOUT_RETURN_TYPE = YES_ERROR;
				GCC_WARN_UNDECLARED_SELECTOR = YES;
				GCC_WARN_UNINITIALIZED_AUTOS = YES_AGGRESSIVE;
				GCC_WARN_UNUSED_FUNCTION = YES;
				GCC_WARN_UNUSED_VARIABLE = YES;
				IPHONEOS_DEPLOYMENT_TARGET = 17.5;
				LOCALIZATION_PREFERS_STRING_CATALOGS = YES;
				MTL_ENABLE_DEBUG_INFO = INCLUDE_SOURCE;
				MTL_FAST_MATH = YES;
				ONLY_ACTIVE_ARCH = YES;
				SDKROOT = iphoneos;
				SWIFT_ACTIVE_COMPILATION_CONDITIONS = "DEBUG $(inherited)";
				SWIFT_OPTIMIZATION_LEVEL = "-Onone";
			};
			name = Debug;
		};
		76AB734D2C3C17D300B29114 /* Release */ = {
			isa = XCBuildConfiguration;
			buildSettings = {
				ALWAYS_SEARCH_USER_PATHS = NO;
				ASSETCATALOG_COMPILER_GENERATE_SWIFT_ASSET_SYMBOL_EXTENSIONS = YES;
				CLANG_ANALYZER_NONNULL = YES;
				CLANG_ANALYZER_NUMBER_OBJECT_CONVERSION = YES_AGGRESSIVE;
				CLANG_CXX_LANGUAGE_STANDARD = "gnu++20";
				CLANG_ENABLE_MODULES = YES;
				CLANG_ENABLE_OBJC_ARC = YES;
				CLANG_ENABLE_OBJC_WEAK = YES;
				CLANG_WARN_BLOCK_CAPTURE_AUTORELEASING = YES;
				CLANG_WARN_BOOL_CONVERSION = YES;
				CLANG_WARN_COMMA = YES;
				CLANG_WARN_CONSTANT_CONVERSION = YES;
				CLANG_WARN_DEPRECATED_OBJC_IMPLEMENTATIONS = YES;
				CLANG_WARN_DIRECT_OBJC_ISA_USAGE = YES_ERROR;
				CLANG_WARN_DOCUMENTATION_COMMENTS = YES;
				CLANG_WARN_EMPTY_BODY = YES;
				CLANG_WARN_ENUM_CONVERSION = YES;
				CLANG_WARN_INFINITE_RECURSION = YES;
				CLANG_WARN_INT_CONVERSION = YES;
				CLANG_WARN_NON_LITERAL_NULL_CONVERSION = YES;
				CLANG_WARN_OBJC_IMPLICIT_RETAIN_SELF = YES;
				CLANG_WARN_OBJC_LITERAL_CONVERSION = YES;
				CLANG_WARN_OBJC_ROOT_CLASS = YES_ERROR;
				CLANG_WARN_QUOTED_INCLUDE_IN_FRAMEWORK_HEADER = YES;
				CLANG_WARN_RANGE_LOOP_ANALYSIS = YES;
				CLANG_WARN_STRICT_PROTOTYPES = YES;
				CLANG_WARN_SUSPICIOUS_MOVE = YES;
				CLANG_WARN_UNGUARDED_AVAILABILITY = YES_AGGRESSIVE;
				CLANG_WARN_UNREACHABLE_CODE = YES;
				CLANG_WARN__DUPLICATE_METHOD_MATCH = YES;
				COPY_PHASE_STRIP = NO;
				DEBUG_INFORMATION_FORMAT = "dwarf-with-dsym";
				ENABLE_NS_ASSERTIONS = NO;
				ENABLE_STRICT_OBJC_MSGSEND = YES;
				ENABLE_USER_SCRIPT_SANDBOXING = YES;
				GCC_C_LANGUAGE_STANDARD = gnu17;
				GCC_NO_COMMON_BLOCKS = YES;
				GCC_WARN_64_TO_32_BIT_CONVERSION = YES;
				GCC_WARN_ABOUT_RETURN_TYPE = YES_ERROR;
				GCC_WARN_UNDECLARED_SELECTOR = YES;
				GCC_WARN_UNINITIALIZED_AUTOS = YES_AGGRESSIVE;
				GCC_WARN_UNUSED_FUNCTION = YES;
				GCC_WARN_UNUSED_VARIABLE = YES;
				IPHONEOS_DEPLOYMENT_TARGET = 17.5;
				LOCALIZATION_PREFERS_STRING_CATALOGS = YES;
				MTL_ENABLE_DEBUG_INFO = NO;
				MTL_FAST_MATH = YES;
				SDKROOT = iphoneos;
				SWIFT_COMPILATION_MODE = wholemodule;
				VALIDATE_PRODUCT = YES;
			};
			name = Release;
		};
		76AB734F2C3C17D300B29114 /* Debug */ = {
			isa = XCBuildConfiguration;
			buildSettings = {
				ASSETCATALOG_COMPILER_APPICON_NAME = AppIcon;
				ASSETCATALOG_COMPILER_GLOBAL_ACCENT_COLOR_NAME = AccentColor;
				CODE_SIGN_STYLE = Automatic;
				CURRENT_PROJECT_VERSION = 1;
				GENERATE_INFOPLIST_FILE = YES;
				INFOPLIST_FILE = harfNotu/Info.plist;
				INFOPLIST_KEY_UIApplicationSupportsIndirectInputEvents = YES;
				INFOPLIST_KEY_UILaunchStoryboardName = LaunchScreen;
				INFOPLIST_KEY_UIMainStoryboardFile = Main;
				INFOPLIST_KEY_UISupportedInterfaceOrientations = UIInterfaceOrientationPortrait;
				INFOPLIST_KEY_UISupportedInterfaceOrientations_iPad = "UIInterfaceOrientationLandscapeLeft UIInterfaceOrientationLandscapeRight UIInterfaceOrientationPortrait UIInterfaceOrientationPortraitUpsideDown";
				LD_RUNPATH_SEARCH_PATHS = (
					"$(inherited)",
					"@executable_path/Frameworks",
				);
				MARKETING_VERSION = 1.0;
				PRODUCT_BUNDLE_IDENTIFIER = staj.harfNotu;
				PRODUCT_NAME = "$(TARGET_NAME)";
				SWIFT_EMIT_LOC_STRINGS = YES;
				SWIFT_VERSION = 5.0;
				TARGETED_DEVICE_FAMILY = "1,2";
			};
			name = Debug;
		};
		76AB73502C3C17D300B29114 /* Release */ = {
			isa = XCBuildConfiguration;
			buildSettings = {
				ASSETCATALOG_COMPILER_APPICON_NAME = AppIcon;
				ASSETCATALOG_COMPILER_GLOBAL_ACCENT_COLOR_NAME = AccentColor;
				CODE_SIGN_STYLE = Automatic;
				CURRENT_PROJECT_VERSION = 1;
				GENERATE_INFOPLIST_FILE = YES;
				INFOPLIST_FILE = harfNotu/Info.plist;
				INFOPLIST_KEY_UIApplicationSupportsIndirectInputEvents = YES;
				INFOPLIST_KEY_UILaunchStoryboardName = LaunchScreen;
				INFOPLIST_KEY_UIMainStoryboardFile = Main;
				INFOPLIST_KEY_UISupportedInterfaceOrientations = UIInterfaceOrientationPortrait;
				INFOPLIST_KEY_UISupportedInterfaceOrientations_iPad = "UIInterfaceOrientationLandscapeLeft UIInterfaceOrientationLandscapeRight UIInterfaceOrientationPortrait UIInterfaceOrientationPortraitUpsideDown";
				LD_RUNPATH_SEARCH_PATHS = (
					"$(inherited)",
					"@executable_path/Frameworks",
				);
				MARKETING_VERSION = 1.0;
				PRODUCT_BUNDLE_IDENTIFIER = staj.harfNotu;
				PRODUCT_NAME = "$(TARGET_NAME)";
				SWIFT_EMIT_LOC_STRINGS = YES;
				SWIFT_VERSION = 5.0;
				TARGETED_DEVICE_FAMILY = "1,2";
			};
			name = Release;
		};
		76AB73522C3C17D300B29114 /* Debug */ = {
			isa = XCBuildConfiguration;
			buildSettings = {
				ALWAYS_EMBED_SWIFT_STANDARD_LIBRARIES = YES;
				BUNDLE_LOADER = "$(TEST_HOST)";
				CODE_SIGN_STYLE = Automatic;
				CURRENT_PROJECT_VERSION = 1;
				GENERATE_INFOPLIST_FILE = YES;
				IPHONEOS_DEPLOYMENT_TARGET = 17.5;
				MARKETING_VERSION = 1.0;
				PRODUCT_BUNDLE_IDENTIFIER = staj.harfNotuTests;
				PRODUCT_NAME = "$(TARGET_NAME)";
				SWIFT_EMIT_LOC_STRINGS = NO;
				SWIFT_VERSION = 5.0;
				TARGETED_DEVICE_FAMILY = "1,2";
				TEST_HOST = "$(BUILT_PRODUCTS_DIR)/harfNotu.app/$(BUNDLE_EXECUTABLE_FOLDER_PATH)/harfNotu";
			};
			name = Debug;
		};
		76AB73532C3C17D300B29114 /* Release */ = {
			isa = XCBuildConfiguration;
			buildSettings = {
				ALWAYS_EMBED_SWIFT_STANDARD_LIBRARIES = YES;
				BUNDLE_LOADER = "$(TEST_HOST)";
				CODE_SIGN_STYLE = Automatic;
				CURRENT_PROJECT_VERSION = 1;
				GENERATE_INFOPLIST_FILE = YES;
				IPHONEOS_DEPLOYMENT_TARGET = 17.5;
				MARKETING_VERSION = 1.0;
				PRODUCT_BUNDLE_IDENTIFIER = staj.harfNotuTests;
				PRODUCT_NAME = "$(TARGET_NAME)";
				SWIFT_EMIT_LOC_STRINGS = NO;
				SWIFT_VERSION = 5.0;
				TARGETED_DEVICE_FAMILY = "1,2";
				TEST_HOST = "$(BUILT_PRODUCTS_DIR)/harfNotu.app/$(BUNDLE_EXECUTABLE_FOLDER_PATH)/harfNotu";
			};
			name = Release;
		};
		76AB73552C3C17D300B29114 /* Debug */ = {
			isa = XCBuildConfiguration;
			buildSettings = {
				ALWAYS_EMBED_SWIFT_STANDARD_LIBRARIES = YES;
				CODE_SIGN_STYLE = Automatic;
				CURRENT_PROJECT_VERSION = 1;
				GENERATE_INFOPLIST_FILE = YES;
				MARKETING_VERSION = 1.0;
				PRODUCT_BUNDLE_IDENTIFIER = staj.harfNotuUITests;
				PRODUCT_NAME = "$(TARGET_NAME)";
				SWIFT_EMIT_LOC_STRINGS = NO;
				SWIFT_VERSION = 5.0;
				TARGETED_DEVICE_FAMILY = "1,2";
				TEST_TARGET_NAME = harfNotu;
			};
			name = Debug;
		};
		76AB73562C3C17D300B29114 /* Release */ = {
			isa = XCBuildConfiguration;
			buildSettings = {
				ALWAYS_EMBED_SWIFT_STANDARD_LIBRARIES = YES;
				CODE_SIGN_STYLE = Automatic;
				CURRENT_PROJECT_VERSION = 1;
				GENERATE_INFOPLIST_FILE = YES;
				MARKETING_VERSION = 1.0;
				PRODUCT_BUNDLE_IDENTIFIER = staj.harfNotuUITests;
				PRODUCT_NAME = "$(TARGET_NAME)";
				SWIFT_EMIT_LOC_STRINGS = NO;
				SWIFT_VERSION = 5.0;
				TARGETED_DEVICE_FAMILY = "1,2";
				TEST_TARGET_NAME = harfNotu;
			};
			name = Release;
		};
/* End XCBuildConfiguration section */

/* Begin XCConfigurationList section */
		76AB731F2C3C17D200B29114 /* Build configuration list for PBXProject "harfNotu" */ = {
			isa = XCConfigurationList;
			buildConfigurations = (
				76AB734C2C3C17D300B29114 /* Debug */,
				76AB734D2C3C17D300B29114 /* Release */,
			);
			defaultConfigurationIsVisible = 0;
			defaultConfigurationName = Release;
		};
		76AB734E2C3C17D300B29114 /* Build configuration list for PBXNativeTarget "harfNotu" */ = {
			isa = XCConfigurationList;
			buildConfigurations = (
				76AB734F2C3C17D300B29114 /* Debug */,
				76AB73502C3C17D300B29114 /* Release */,
			);
			defaultConfigurationIsVisible = 0;
			defaultConfigurationName = Release;
		};
		76AB73512C3C17D300B29114 /* Build configuration list for PBXNativeTarget "harfNotuTests" */ = {
			isa = XCConfigurationList;
			buildConfigurations = (
				76AB73522C3C17D300B29114 /* Debug */,
				76AB73532C3C17D300B29114 /* Release */,
			);
			defaultConfigurationIsVisible = 0;
			defaultConfigurationName = Release;
		};
		76AB73542C3C17D300B29114 /* Build configuration list for PBXNativeTarget "harfNotuUITests" */ = {
			isa = XCConfigurationList;
			buildConfigurations = (
				76AB73552C3C17D300B29114 /* Debug */,
				76AB73562C3C17D300B29114 /* Release */,
			);
			defaultConfigurationIsVisible = 0;
			defaultConfigurationName = Release;
		};
/* End XCConfigurationList section */
	};
	rootObject = 76AB731C2C3C17D200B29114 /* Project object */;
}
